
Microsoft Visual Studio Solution File, Format Version 12.00
Project("{FAE04EC0-301F-11D3-BF4B-00C04F79EFBC}") = "ElectronALPR", "ElectronALPR.csproj", "{C93FADFF-B9A8-48C1-B3F9-B34D90D84F03}"
EndProject
Global
	GlobalSection(SolutionConfigurationPlatforms) = preSolution
		Debug|Any CPU = Debug|Any CPU
		Release|Any CPU = Release|Any CPU
	EndGlobalSection
	GlobalSection(ProjectConfigurationPlatforms) = postSolution
		{C93FADFF-B9A8-48C1-B3F9-B34D90D84F03}.Debug|Any CPU.ActiveCfg = Debug|Any CPU
		{C93FADFF-B9A8-48C1-B3F9-B34D90D84F03}.Debug|Any CPU.Build.0 = Debug|Any CPU
		{C93FADFF-B9A8-48C1-B3F9-B34D90D84F03}.Release|Any CPU.ActiveCfg = Release|Any CPU
		{C93FADFF-B9A8-48C1-B3F9-B34D90D84F03}.Release|Any CPU.Build.0 = Release|Any CPU
	EndGlobalSection
EndGlobal
